
Microsoft Visual Studio Solution File, Format Version 12.00
# Visual Studio Version 17
VisualStudioVersion = 17.10.34916.146
MinimumVisualStudioVersion = 10.0.40219.1
Project("{2150E333-8FDC-42A3-9474-1A3956D46DE8}") = "Services", "Services", "{2F908581-3DE6-4153-8D9B-95FBDB29BF5C}"
EndProject
Project("{2150E333-8FDC-42A3-9474-1A3956D46DE8}") = "Catalog", "Catalog", "{1854BECA-2DB3-46DC-89F8-B242AE277CD4}"
EndProject
Project("{9A19103F-16F7-4668-BE54-9A1E7A4F7556}") = "Catalog.API", "Services\Catalog\Catalog.API\Catalog.API.csproj", "{71258C74-741E-4FF4-823C-DE88007F0089}"
EndProject
Project("{2150E333-8FDC-42A3-9474-1A3956D46DE8}") = "BuildingBlocks", "BuildingBlocks", "{B4730FD7-69CD-42BD-8B78-9FF69CF72C26}"
EndProject
Project("{9A19103F-16F7-4668-BE54-9A1E7A4F7556}") = "BuildingBlocks", "BuildingBlocks\BuildingBlocks\BuildingBlocks.csproj", "{69090313-1C56-4B74-A921-13302CF6A90B}"
EndProject
Project("{E53339B2-1760-4266-BCC7-CA923CBCF16C}") = "docker-compose", "docker-compose.dcproj", "{17AD1EBD-50F0-47B3-BB28-6BCDF1D05361}"
EndProject
Project("{2150E333-8FDC-42A3-9474-1A3956D46DE8}") = "Basket", "Basket", "{FD5CC180-77AA-406E-A595-83F8F89A64C2}"
EndProject
Project("{9A19103F-16F7-4668-BE54-9A1E7A4F7556}") = "Basket.API", "Services\Basket\Basket.API\Basket.API.csproj", "{FED09D8E-167E-4BC7-8894-E8643D7E8420}"
EndProject
Project("{2150E333-8FDC-42A3-9474-1A3956D46DE8}") = "Discount", "Discount", "{8455EEB0-BBD3-4E5F-997A-0787AA373B5A}"
EndProject
Project("{FAE04EC0-301F-11D3-BF4B-00C04F79EFBC}") = "Discount.gRPC", "Services\Discount\Discount.gRPC\Discount.gRPC.csproj", "{8AA8D963-A644-468F-B80E-E9D3AEB56281}"
EndProject
Global
	GlobalSection(SolutionConfigurationPlatforms) = preSolution
		Debug|Any CPU = Debug|Any CPU
		Release|Any CPU = Release|Any CPU
	EndGlobalSection
	GlobalSection(ProjectConfigurationPlatforms) = postSolution
		{71258C74-741E-4FF4-823C-DE88007F0089}.Debug|Any CPU.ActiveCfg = Debug|Any CPU
		{71258C74-741E-4FF4-823C-DE88007F0089}.Debug|Any CPU.Build.0 = Debug|Any CPU
		{71258C74-741E-4FF4-823C-DE88007F0089}.Release|Any CPU.ActiveCfg = Release|Any CPU
		{71258C74-741E-4FF4-823C-DE88007F0089}.Release|Any CPU.Build.0 = Release|Any CPU
		{69090313-1C56-4B74-A921-13302CF6A90B}.Debug|Any CPU.ActiveCfg = Debug|Any CPU
		{69090313-1C56-4B74-A921-13302CF6A90B}.Debug|Any CPU.Build.0 = Debug|Any CPU
		{69090313-1C56-4B74-A921-13302CF6A90B}.Release|Any CPU.ActiveCfg = Release|Any CPU
		{69090313-1C56-4B74-A921-13302CF6A90B}.Release|Any CPU.Build.0 = Release|Any CPU
		{17AD1EBD-50F0-47B3-BB28-6BCDF1D05361}.Debug|Any CPU.ActiveCfg = Debug|Any CPU
		{17AD1EBD-50F0-47B3-BB28-6BCDF1D05361}.Debug|Any CPU.Build.0 = Debug|Any CPU
		{17AD1EBD-50F0-47B3-BB28-6BCDF1D05361}.Release|Any CPU.ActiveCfg = Release|Any CPU
		{17AD1EBD-50F0-47B3-BB28-6BCDF1D05361}.Release|Any CPU.Build.0 = Release|Any CPU
		{FED09D8E-167E-4BC7-8894-E8643D7E8420}.Debug|Any CPU.ActiveCfg = Debug|Any CPU
		{FED09D8E-167E-4BC7-8894-E8643D7E8420}.Debug|Any CPU.Build.0 = Debug|Any CPU
		{FED09D8E-167E-4BC7-8894-E8643D7E8420}.Release|Any CPU.ActiveCfg = Release|Any CPU
		{FED09D8E-167E-4BC7-8894-E8643D7E8420}.Release|Any CPU.Build.0 = Release|Any CPU
		{8AA8D963-A644-468F-B80E-E9D3AEB56281}.Debug|Any CPU.ActiveCfg = Debug|Any CPU
		{8AA8D963-A644-468F-B80E-E9D3AEB56281}.Debug|Any CPU.Build.0 = Debug|Any CPU
		{8AA8D963-A644-468F-B80E-E9D3AEB56281}.Release|Any CPU.ActiveCfg = Release|Any CPU
		{8AA8D963-A644-468F-B80E-E9D3AEB56281}.Release|Any CPU.Build.0 = Release|Any CPU
	EndGlobalSection
	GlobalSection(SolutionProperties) = preSolution
		HideSolutionNode = FALSE
	EndGlobalSection
	GlobalSection(NestedProjects) = preSolution
		{1854BECA-2DB3-46DC-89F8-B242AE277CD4} = {2F908581-3DE6-4153-8D9B-95FBDB29BF5C}
		{71258C74-741E-4FF4-823C-DE88007F0089} = {1854BECA-2DB3-46DC-89F8-B242AE277CD4}
		{69090313-1C56-4B74-A921-13302CF6A90B} = {B4730FD7-69CD-42BD-8B78-9FF69CF72C26}
		{FD5CC180-77AA-406E-A595-83F8F89A64C2} = {2F908581-3DE6-4153-8D9B-95FBDB29BF5C}
		{FED09D8E-167E-4BC7-8894-E8643D7E8420} = {FD5CC180-77AA-406E-A595-83F8F89A64C2}
		{8455EEB0-BBD3-4E5F-997A-0787AA373B5A} = {2F908581-3DE6-4153-8D9B-95FBDB29BF5C}
		{8AA8D963-A644-468F-B80E-E9D3AEB56281} = {8455EEB0-BBD3-4E5F-997A-0787AA373B5A}
	EndGlobalSection
	GlobalSection(ExtensibilityGlobals) = postSolution
		SolutionGuid = {16102BB3-86E5-4A1B-B3F0-0E0E3D89B749}
	EndGlobalSection
EndGlobal
