
Microsoft Visual Studio Solution File, Format Version 12.00
# Visual Studio Version 17
VisualStudioVersion = 17.10.34916.146
MinimumVisualStudioVersion = 10.0.40219.1
Project("{2150E333-8FDC-42A3-9474-1A3956D46DE8}") = "Services", "Services", "{2F908581-3DE6-4153-8D9B-95FBDB29BF5C}"
EndProject
Project("{2150E333-8FDC-42A3-9474-1A3956D46DE8}") = "Catalog", "Catalog", "{1854BECA-2DB3-46DC-89F8-B242AE277CD4}"
EndProject
Project("{9A19103F-16F7-4668-BE54-9A1E7A4F7556}") = "Catalog.API", "Services\Catalog\Catalog.API\Catalog.API.csproj", "{71258C74-741E-4FF4-823C-DE88007F0089}"
EndProject
Project("{2150E333-8FDC-42A3-9474-1A3956D46DE8}") = "BuildingBlocks", "BuildingBlocks", "{B4730FD7-69CD-42BD-8B78-9FF69CF72C26}"
EndProject
Project("{9A19103F-16F7-4668-BE54-9A1E7A4F7556}") = "BuildingBlocks", "BuildingBlocks\BuildingBlocks\BuildingBlocks.csproj", "{69090313-1C56-4B74-A921-13302CF6A90B}"
EndProject
Project("{E53339B2-1760-4266-BCC7-CA923CBCF16C}") = "docker-compose", "docker-compose.dcproj", "{17AD1EBD-50F0-47B3-BB28-6BCDF1D05361}"
EndProject
Project("{2150E333-8FDC-42A3-9474-1A3956D46DE8}") = "Basket", "Basket", "{FD5CC180-77AA-406E-A595-83F8F89A64C2}"
EndProject
Project("{9A19103F-16F7-4668-BE54-9A1E7A4F7556}") = "Basket.API", "Services\Basket\Basket.API\Basket.API.csproj", "{FED09D8E-167E-4BC7-8894-E8643D7E8420}"
EndProject
Project("{2150E333-8FDC-42A3-9474-1A3956D46DE8}") = "Discount", "Discount", "{8455EEB0-BBD3-4E5F-997A-0787AA373B5A}"
EndProject
Project("{9A19103F-16F7-4668-BE54-9A1E7A4F7556}") = "Discount.gRPC", "Services\Discount\Discount.gRPC\Discount.gRPC.csproj", "{8AA8D963-A644-468F-B80E-E9D3AEB56281}"
EndProject
Project("{2150E333-8FDC-42A3-9474-1A3956D46DE8}") = "Ordering", "Ordering", "{6B4576F3-6101-46DB-8BA0-1FEDD6EAB360}"
EndProject
Project("{9A19103F-16F7-4668-BE54-9A1E7A4F7556}") = "Ordering.API", "Services\Ordering\Ordering.API\Ordering.API.csproj", "{F8F9002B-F418-4504-962F-0C4E3EFD6576}"
EndProject
Project("{9A19103F-16F7-4668-BE54-9A1E7A4F7556}") = "Ordering.Domain", "Services\Ordering\Ordering.Domain\Ordering.Domain.csproj", "{0CC1D3DD-6732-4DAC-87E1-4661D8B6BCD6}"
EndProject
Project("{9A19103F-16F7-4668-BE54-9A1E7A4F7556}") = "Ordering.Application", "Services\Ordering\Ordering.Application\Ordering.Application.csproj", "{2ECF94A1-716A-4AC5-AD54-5DDAB9C06B27}"
EndProject
Project("{9A19103F-16F7-4668-BE54-9A1E7A4F7556}") = "Ordering.Infrastructure", "Services\Ordering\Ordering.Infrastructure\Ordering.Infrastructure.csproj", "{8B4294E9-9184-4D22-ADD1-F1F537E226BF}"
EndProject
Project("{FAE04EC0-301F-11D3-BF4B-00C04F79EFBC}") = "BuildingBlocks.Messaging", "BuildingBlocks\BuildingBlocks.Messaging\BuildingBlocks.Messaging.csproj", "{33D04CE4-1BC7-4923-B448-E59E555C9E7A}"
EndProject
Global
	GlobalSection(SolutionConfigurationPlatforms) = preSolution
		Debug|Any CPU = Debug|Any CPU
		Release|Any CPU = Release|Any CPU
	EndGlobalSection
	GlobalSection(ProjectConfigurationPlatforms) = postSolution
		{71258C74-741E-4FF4-823C-DE88007F0089}.Debug|Any CPU.ActiveCfg = Debug|Any CPU
		{71258C74-741E-4FF4-823C-DE88007F0089}.Debug|Any CPU.Build.0 = Debug|Any CPU
		{71258C74-741E-4FF4-823C-DE88007F0089}.Release|Any CPU.ActiveCfg = Release|Any CPU
		{71258C74-741E-4FF4-823C-DE88007F0089}.Release|Any CPU.Build.0 = Release|Any CPU
		{69090313-1C56-4B74-A921-13302CF6A90B}.Debug|Any CPU.ActiveCfg = Debug|Any CPU
		{69090313-1C56-4B74-A921-13302CF6A90B}.Debug|Any CPU.Build.0 = Debug|Any CPU
		{69090313-1C56-4B74-A921-13302CF6A90B}.Release|Any CPU.ActiveCfg = Release|Any CPU
		{69090313-1C56-4B74-A921-13302CF6A90B}.Release|Any CPU.Build.0 = Release|Any CPU
		{17AD1EBD-50F0-47B3-BB28-6BCDF1D05361}.Debug|Any CPU.ActiveCfg = Debug|Any CPU
		{17AD1EBD-50F0-47B3-BB28-6BCDF1D05361}.Debug|Any CPU.Build.0 = Debug|Any CPU
		{17AD1EBD-50F0-47B3-BB28-6BCDF1D05361}.Release|Any CPU.ActiveCfg = Release|Any CPU
		{17AD1EBD-50F0-47B3-BB28-6BCDF1D05361}.Release|Any CPU.Build.0 = Release|Any CPU
		{FED09D8E-167E-4BC7-8894-E8643D7E8420}.Debug|Any CPU.ActiveCfg = Debug|Any CPU
		{FED09D8E-167E-4BC7-8894-E8643D7E8420}.Debug|Any CPU.Build.0 = Debug|Any CPU
		{FED09D8E-167E-4BC7-8894-E8643D7E8420}.Release|Any CPU.ActiveCfg = Release|Any CPU
		{FED09D8E-167E-4BC7-8894-E8643D7E8420}.Release|Any CPU.Build.0 = Release|Any CPU
		{8AA8D963-A644-468F-B80E-E9D3AEB56281}.Debug|Any CPU.ActiveCfg = Debug|Any CPU
		{8AA8D963-A644-468F-B80E-E9D3AEB56281}.Debug|Any CPU.Build.0 = Debug|Any CPU
		{8AA8D963-A644-468F-B80E-E9D3AEB56281}.Release|Any CPU.ActiveCfg = Release|Any CPU
		{8AA8D963-A644-468F-B80E-E9D3AEB56281}.Release|Any CPU.Build.0 = Release|Any CPU
		{F8F9002B-F418-4504-962F-0C4E3EFD6576}.Debug|Any CPU.ActiveCfg = Debug|Any CPU
		{F8F9002B-F418-4504-962F-0C4E3EFD6576}.Debug|Any CPU.Build.0 = Debug|Any CPU
		{F8F9002B-F418-4504-962F-0C4E3EFD6576}.Release|Any CPU.ActiveCfg = Release|Any CPU
		{F8F9002B-F418-4504-962F-0C4E3EFD6576}.Release|Any CPU.Build.0 = Release|Any CPU
		{0CC1D3DD-6732-4DAC-87E1-4661D8B6BCD6}.Debug|Any CPU.ActiveCfg = Debug|Any CPU
		{0CC1D3DD-6732-4DAC-87E1-4661D8B6BCD6}.Debug|Any CPU.Build.0 = Debug|Any CPU
		{0CC1D3DD-6732-4DAC-87E1-4661D8B6BCD6}.Release|Any CPU.ActiveCfg = Release|Any CPU
		{0CC1D3DD-6732-4DAC-87E1-4661D8B6BCD6}.Release|Any CPU.Build.0 = Release|Any CPU
		{2ECF94A1-716A-4AC5-AD54-5DDAB9C06B27}.Debug|Any CPU.ActiveCfg = Debug|Any CPU
		{2ECF94A1-716A-4AC5-AD54-5DDAB9C06B27}.Debug|Any CPU.Build.0 = Debug|Any CPU
		{2ECF94A1-716A-4AC5-AD54-5DDAB9C06B27}.Release|Any CPU.ActiveCfg = Release|Any CPU
		{2ECF94A1-716A-4AC5-AD54-5DDAB9C06B27}.Release|Any CPU.Build.0 = Release|Any CPU
		{8B4294E9-9184-4D22-ADD1-F1F537E226BF}.Debug|Any CPU.ActiveCfg = Debug|Any CPU
		{8B4294E9-9184-4D22-ADD1-F1F537E226BF}.Debug|Any CPU.Build.0 = Debug|Any CPU
		{8B4294E9-9184-4D22-ADD1-F1F537E226BF}.Release|Any CPU.ActiveCfg = Release|Any CPU
		{8B4294E9-9184-4D22-ADD1-F1F537E226BF}.Release|Any CPU.Build.0 = Release|Any CPU
		{33D04CE4-1BC7-4923-B448-E59E555C9E7A}.Debug|Any CPU.ActiveCfg = Debug|Any CPU
		{33D04CE4-1BC7-4923-B448-E59E555C9E7A}.Debug|Any CPU.Build.0 = Debug|Any CPU
		{33D04CE4-1BC7-4923-B448-E59E555C9E7A}.Release|Any CPU.ActiveCfg = Release|Any CPU
		{33D04CE4-1BC7-4923-B448-E59E555C9E7A}.Release|Any CPU.Build.0 = Release|Any CPU
	EndGlobalSection
	GlobalSection(SolutionProperties) = preSolution
		HideSolutionNode = FALSE
	EndGlobalSection
	GlobalSection(NestedProjects) = preSolution
		{1854BECA-2DB3-46DC-89F8-B242AE277CD4} = {2F908581-3DE6-4153-8D9B-95FBDB29BF5C}
		{71258C74-741E-4FF4-823C-DE88007F0089} = {1854BECA-2DB3-46DC-89F8-B242AE277CD4}
		{69090313-1C56-4B74-A921-13302CF6A90B} = {B4730FD7-69CD-42BD-8B78-9FF69CF72C26}
		{FD5CC180-77AA-406E-A595-83F8F89A64C2} = {2F908581-3DE6-4153-8D9B-95FBDB29BF5C}
		{FED09D8E-167E-4BC7-8894-E8643D7E8420} = {FD5CC180-77AA-406E-A595-83F8F89A64C2}
		{8455EEB0-BBD3-4E5F-997A-0787AA373B5A} = {2F908581-3DE6-4153-8D9B-95FBDB29BF5C}
		{8AA8D963-A644-468F-B80E-E9D3AEB56281} = {8455EEB0-BBD3-4E5F-997A-0787AA373B5A}
		{6B4576F3-6101-46DB-8BA0-1FEDD6EAB360} = {2F908581-3DE6-4153-8D9B-95FBDB29BF5C}
		{F8F9002B-F418-4504-962F-0C4E3EFD6576} = {6B4576F3-6101-46DB-8BA0-1FEDD6EAB360}
		{0CC1D3DD-6732-4DAC-87E1-4661D8B6BCD6} = {6B4576F3-6101-46DB-8BA0-1FEDD6EAB360}
		{2ECF94A1-716A-4AC5-AD54-5DDAB9C06B27} = {6B4576F3-6101-46DB-8BA0-1FEDD6EAB360}
		{8B4294E9-9184-4D22-ADD1-F1F537E226BF} = {6B4576F3-6101-46DB-8BA0-1FEDD6EAB360}
		{33D04CE4-1BC7-4923-B448-E59E555C9E7A} = {B4730FD7-69CD-42BD-8B78-9FF69CF72C26}
	EndGlobalSection
	GlobalSection(ExtensibilityGlobals) = postSolution
		SolutionGuid = {16102BB3-86E5-4A1B-B3F0-0E0E3D89B749}
	EndGlobalSection
EndGlobal
